
Microsoft Visual Studio Solution File, Format Version 12.00
# Visual Studio Version 17
VisualStudioVersion = 17.11.35327.3
MinimumVisualStudioVersion = 10.0.40219.1
Project("{FAE04EC0-301F-11D3-BF4B-00C04F79EFBC}") = "Minds.SDK", "Minds.SDK\Minds.SDK.csproj", "{C6A357EC-6E0E-487C-8399-95F243D98A55}"
EndProject
Project("{9A19103F-16F7-4668-BE54-9A1E7A4F7556}") = "Sample", "Sample\Sample.csproj", "{5A6E7B09-B25F-42B0-9E70-649BDF20B5D9}"
EndProject
Global
	GlobalSection(SolutionConfigurationPlatforms) = preSolution
		Debug|Any CPU = Debug|Any CPU
		Release|Any CPU = Release|Any CPU
	EndGlobalSection
	GlobalSection(ProjectConfigurationPlatforms) = postSolution
		{C6A357EC-6E0E-487C-8399-95F243D98A55}.Debug|Any CPU.ActiveCfg = Release|Any CPU
		{C6A357EC-6E0E-487C-8399-95F243D98A55}.Debug|Any CPU.Build.0 = Release|Any CPU
		{C6A357EC-6E0E-487C-8399-95F243D98A55}.Release|Any CPU.ActiveCfg = Release|Any CPU
		{C6A357EC-6E0E-487C-8399-95F243D98A55}.Release|Any CPU.Build.0 = Release|Any CPU
		{5A6E7B09-B25F-42B0-9E70-649BDF20B5D9}.Debug|Any CPU.ActiveCfg = Release|Any CPU
		{5A6E7B09-B25F-42B0-9E70-649BDF20B5D9}.Debug|Any CPU.Build.0 = Release|Any CPU
		{5A6E7B09-B25F-42B0-9E70-649BDF20B5D9}.Release|Any CPU.ActiveCfg = Release|Any CPU
		{5A6E7B09-B25F-42B0-9E70-649BDF20B5D9}.Release|Any CPU.Build.0 = Release|Any CPU
	EndGlobalSection
	GlobalSection(SolutionProperties) = preSolution
		HideSolutionNode = FALSE
	EndGlobalSection
	GlobalSection(ExtensibilityGlobals) = postSolution
		SolutionGuid = {5518EAC2-482B-4F82-A3D6-8EC9379BA34D}
	EndGlobalSection
EndGlobal
